// !$*UTF8*$!
{
	archiveVersion = 1;
	classes = {
	};
	objectVersion = 46;
	objects = {

/* Begin PBXBuildFile section */
		1A65C9A61D36945200E7AB4E /* Record+ORKOrderedTask.swift in Sources */ = {isa = PBXBuildFile; fileRef = 1A65C9A51D36945200E7AB4E /* Record+ORKOrderedTask.swift */; };
		1A65C9A81D36CE5000E7AB4E /* Form.swift in Sources */ = {isa = PBXBuildFile; fileRef = 1A65C9A71D36CE5000E7AB4E /* Form.swift */; };
		1AC288281D3BC9A900298343 /* RecordDatabase.swift in Sources */ = {isa = PBXBuildFile; fileRef = 1AC288271D3BC9A900298343 /* RecordDatabase.swift */; };
		1AC2882A1D3BCA1200298343 /* RecordService.swift in Sources */ = {isa = PBXBuildFile; fileRef = 1AC288291D3BCA1200298343 /* RecordService.swift */; };
		1AC2882E1D3BCAC600298343 /* RealmRecordDatabase.swift in Sources */ = {isa = PBXBuildFile; fileRef = 1AC2882D1D3BCAC600298343 /* RealmRecordDatabase.swift */; };
		1AC288301D3BEA3400298343 /* Record.swift in Sources */ = {isa = PBXBuildFile; fileRef = 1AC2882F1D3BEA3400298343 /* Record.swift */; };
		1AC288321D3BEA5F00298343 /* CBTForm.swift in Sources */ = {isa = PBXBuildFile; fileRef = 1AC288311D3BEA5F00298343 /* CBTForm.swift */; };
		1AC288341D3C12E700298343 /* Response+ORKResult.swift in Sources */ = {isa = PBXBuildFile; fileRef = 1AC288331D3C12E700298343 /* Response+ORKResult.swift */; };
		1AE1988C1D32BF4B004B8405 /* Main.storyboard in Resources */ = {isa = PBXBuildFile; fileRef = 1AE198851D32BF4B004B8405 /* Main.storyboard */; };
		1AE1988E1D32BF4B004B8405 /* ViewController.swift in Sources */ = {isa = PBXBuildFile; fileRef = 1AE198881D32BF4B004B8405 /* ViewController.swift */; };
		1AE198901D32BF7D004B8405 /* Info.plist in Resources */ = {isa = PBXBuildFile; fileRef = 1AE1988F1D32BF7D004B8405 /* Info.plist */; };
		1AE198941D32C128004B8405 /* AppDelegate.swift in Sources */ = {isa = PBXBuildFile; fileRef = 1AE198921D32C128004B8405 /* AppDelegate.swift */; };
		1AE198951D32C128004B8405 /* Assets.xcassets in Resources */ = {isa = PBXBuildFile; fileRef = 1AE198931D32C128004B8405 /* Assets.xcassets */; };
		1AE870CF1D24561700B898FB /* ThoughtRecordTests.swift in Sources */ = {isa = PBXBuildFile; fileRef = 1AE870CE1D24561700B898FB /* ThoughtRecordTests.swift */; };
		1AE870DA1D24561700B898FB /* ThoughtRecordUITests.swift in Sources */ = {isa = PBXBuildFile; fileRef = 1AE870D91D24561700B898FB /* ThoughtRecordUITests.swift */; };
		266995084C10E1C1B9CD9479 /* Pods_ThoughtRecordTests.framework in Frameworks */ = {isa = PBXBuildFile; fileRef = 22E15B1095E23C5BE650ACCA /* Pods_ThoughtRecordTests.framework */; };
		3E001EFDC8DA6DDBEFD734B0 /* Pods_ThoughtRecordUITests.framework in Frameworks */ = {isa = PBXBuildFile; fileRef = BA7CD114986E7AE6EAFF4BAD /* Pods_ThoughtRecordUITests.framework */; };
		A8BE1C471A60C14B0647B0E7 /* Pods_ThoughtRecord.framework in Frameworks */ = {isa = PBXBuildFile; fileRef = 005C3CF0ED2F316049FA93A3 /* Pods_ThoughtRecord.framework */; };
/* End PBXBuildFile section */

/* Begin PBXContainerItemProxy section */
		1AE870CB1D24561700B898FB /* PBXContainerItemProxy */ = {
			isa = PBXContainerItemProxy;
			containerPortal = 1AE870AE1D24561700B898FB /* Project object */;
			proxyType = 1;
			remoteGlobalIDString = 1AE870B51D24561700B898FB;
			remoteInfo = ThoughtRecord;
		};
		1AE870D61D24561700B898FB /* PBXContainerItemProxy */ = {
			isa = PBXContainerItemProxy;
			containerPortal = 1AE870AE1D24561700B898FB /* Project object */;
			proxyType = 1;
			remoteGlobalIDString = 1AE870B51D24561700B898FB;
			remoteInfo = ThoughtRecord;
		};
/* End PBXContainerItemProxy section */

/* Begin PBXFileReference section */
		005C3CF0ED2F316049FA93A3 /* Pods_ThoughtRecord.framework */ = {isa = PBXFileReference; explicitFileType = wrapper.framework; includeInIndex = 0; path = Pods_ThoughtRecord.framework; sourceTree = BUILT_PRODUCTS_DIR; };
		1A65C9A51D36945200E7AB4E /* Record+ORKOrderedTask.swift */ = {isa = PBXFileReference; fileEncoding = 4; lastKnownFileType = sourcecode.swift; path = "Record+ORKOrderedTask.swift"; sourceTree = "<group>"; };
		1A65C9A71D36CE5000E7AB4E /* Form.swift */ = {isa = PBXFileReference; fileEncoding = 4; lastKnownFileType = sourcecode.swift; path = Form.swift; sourceTree = "<group>"; };
		1AC288271D3BC9A900298343 /* RecordDatabase.swift */ = {isa = PBXFileReference; fileEncoding = 4; lastKnownFileType = sourcecode.swift; path = RecordDatabase.swift; sourceTree = "<group>"; };
		1AC288291D3BCA1200298343 /* RecordService.swift */ = {isa = PBXFileReference; fileEncoding = 4; lastKnownFileType = sourcecode.swift; path = RecordService.swift; sourceTree = "<group>"; };
		1AC2882D1D3BCAC600298343 /* RealmRecordDatabase.swift */ = {isa = PBXFileReference; fileEncoding = 4; lastKnownFileType = sourcecode.swift; path = RealmRecordDatabase.swift; sourceTree = "<group>"; };
		1AC2882F1D3BEA3400298343 /* Record.swift */ = {isa = PBXFileReference; fileEncoding = 4; lastKnownFileType = sourcecode.swift; path = Record.swift; sourceTree = "<group>"; };
		1AC288311D3BEA5F00298343 /* CBTForm.swift */ = {isa = PBXFileReference; fileEncoding = 4; lastKnownFileType = sourcecode.swift; path = CBTForm.swift; sourceTree = "<group>"; };
		1AC288331D3C12E700298343 /* Response+ORKResult.swift */ = {isa = PBXFileReference; fileEncoding = 4; lastKnownFileType = sourcecode.swift; path = "Response+ORKResult.swift"; sourceTree = "<group>"; };
		1AE198861D32BF4B004B8405 /* Base */ = {isa = PBXFileReference; lastKnownFileType = file.storyboard; name = Base; path = Base.lproj/Main.storyboard; sourceTree = "<group>"; };
		1AE198881D32BF4B004B8405 /* ViewController.swift */ = {isa = PBXFileReference; fileEncoding = 4; lastKnownFileType = sourcecode.swift; path = ViewController.swift; sourceTree = "<group>"; };
		1AE1988F1D32BF7D004B8405 /* Info.plist */ = {isa = PBXFileReference; fileEncoding = 4; lastKnownFileType = text.plist.xml; path = Info.plist; sourceTree = "<group>"; };
		1AE198921D32C128004B8405 /* AppDelegate.swift */ = {isa = PBXFileReference; fileEncoding = 4; lastKnownFileType = sourcecode.swift; name = AppDelegate.swift; path = "Supporting Files/AppDelegate.swift"; sourceTree = "<group>"; };
		1AE198931D32C128004B8405 /* Assets.xcassets */ = {isa = PBXFileReference; lastKnownFileType = folder.assetcatalog; name = Assets.xcassets; path = "Supporting Files/Assets.xcassets"; sourceTree = "<group>"; };
		1AE870B61D24561700B898FB /* ThoughtRecord.app */ = {isa = PBXFileReference; explicitFileType = wrapper.application; includeInIndex = 0; path = ThoughtRecord.app; sourceTree = BUILT_PRODUCTS_DIR; };
		1AE870CA1D24561700B898FB /* ThoughtRecordTests.xctest */ = {isa = PBXFileReference; explicitFileType = wrapper.cfbundle; includeInIndex = 0; path = ThoughtRecordTests.xctest; sourceTree = BUILT_PRODUCTS_DIR; };
		1AE870CE1D24561700B898FB /* ThoughtRecordTests.swift */ = {isa = PBXFileReference; lastKnownFileType = sourcecode.swift; path = ThoughtRecordTests.swift; sourceTree = "<group>"; };
		1AE870D01D24561700B898FB /* Info.plist */ = {isa = PBXFileReference; lastKnownFileType = text.plist.xml; path = Info.plist; sourceTree = "<group>"; };
		1AE870D51D24561700B898FB /* ThoughtRecordUITests.xctest */ = {isa = PBXFileReference; explicitFileType = wrapper.cfbundle; includeInIndex = 0; path = ThoughtRecordUITests.xctest; sourceTree = BUILT_PRODUCTS_DIR; };
		1AE870D91D24561700B898FB /* ThoughtRecordUITests.swift */ = {isa = PBXFileReference; lastKnownFileType = sourcecode.swift; path = ThoughtRecordUITests.swift; sourceTree = "<group>"; };
		1AE870DB1D24561700B898FB /* Info.plist */ = {isa = PBXFileReference; lastKnownFileType = text.plist.xml; path = Info.plist; sourceTree = "<group>"; };
		22E15B1095E23C5BE650ACCA /* Pods_ThoughtRecordTests.framework */ = {isa = PBXFileReference; explicitFileType = wrapper.framework; includeInIndex = 0; path = Pods_ThoughtRecordTests.framework; sourceTree = BUILT_PRODUCTS_DIR; };
		297AEF694F9E4562C3D6CFF2 /* Pods-ThoughtRecord.debug.xcconfig */ = {isa = PBXFileReference; includeInIndex = 1; lastKnownFileType = text.xcconfig; name = "Pods-ThoughtRecord.debug.xcconfig"; path = "Pods/Target Support Files/Pods-ThoughtRecord/Pods-ThoughtRecord.debug.xcconfig"; sourceTree = "<group>"; };
		33FDF10BFD36B5B527A5883B /* Pods-ThoughtRecordUITests.release.xcconfig */ = {isa = PBXFileReference; includeInIndex = 1; lastKnownFileType = text.xcconfig; name = "Pods-ThoughtRecordUITests.release.xcconfig"; path = "Pods/Target Support Files/Pods-ThoughtRecordUITests/Pods-ThoughtRecordUITests.release.xcconfig"; sourceTree = "<group>"; };
		669BBE8DBF97C97CE9C9E7CE /* Pods-ThoughtRecord.release.xcconfig */ = {isa = PBXFileReference; includeInIndex = 1; lastKnownFileType = text.xcconfig; name = "Pods-ThoughtRecord.release.xcconfig"; path = "Pods/Target Support Files/Pods-ThoughtRecord/Pods-ThoughtRecord.release.xcconfig"; sourceTree = "<group>"; };
		B6E983664AF475958FB3649C /* Pods-ThoughtRecordTests.debug.xcconfig */ = {isa = PBXFileReference; includeInIndex = 1; lastKnownFileType = text.xcconfig; name = "Pods-ThoughtRecordTests.debug.xcconfig"; path = "Pods/Target Support Files/Pods-ThoughtRecordTests/Pods-ThoughtRecordTests.debug.xcconfig"; sourceTree = "<group>"; };
		BA7CD114986E7AE6EAFF4BAD /* Pods_ThoughtRecordUITests.framework */ = {isa = PBXFileReference; explicitFileType = wrapper.framework; includeInIndex = 0; path = Pods_ThoughtRecordUITests.framework; sourceTree = BUILT_PRODUCTS_DIR; };
		C5B04D86716101D126E6D8EB /* Pods-ThoughtRecordUITests.debug.xcconfig */ = {isa = PBXFileReference; includeInIndex = 1; lastKnownFileType = text.xcconfig; name = "Pods-ThoughtRecordUITests.debug.xcconfig"; path = "Pods/Target Support Files/Pods-ThoughtRecordUITests/Pods-ThoughtRecordUITests.debug.xcconfig"; sourceTree = "<group>"; };
		E42DB0CDC0B43A899FE04DE8 /* Pods-ThoughtRecordTests.release.xcconfig */ = {isa = PBXFileReference; includeInIndex = 1; lastKnownFileType = text.xcconfig; name = "Pods-ThoughtRecordTests.release.xcconfig"; path = "Pods/Target Support Files/Pods-ThoughtRecordTests/Pods-ThoughtRecordTests.release.xcconfig"; sourceTree = "<group>"; };
/* End PBXFileReference section */

/* Begin PBXFrameworksBuildPhase section */
		1AE870B31D24561700B898FB /* Frameworks */ = {
			isa = PBXFrameworksBuildPhase;
			buildActionMask = 2147483647;
			files = (
				A8BE1C471A60C14B0647B0E7 /* Pods_ThoughtRecord.framework in Frameworks */,
			);
			runOnlyForDeploymentPostprocessing = 0;
		};
		1AE870C71D24561700B898FB /* Frameworks */ = {
			isa = PBXFrameworksBuildPhase;
			buildActionMask = 2147483647;
			files = (
				266995084C10E1C1B9CD9479 /* Pods_ThoughtRecordTests.framework in Frameworks */,
			);
			runOnlyForDeploymentPostprocessing = 0;
		};
		1AE870D21D24561700B898FB /* Frameworks */ = {
			isa = PBXFrameworksBuildPhase;
			buildActionMask = 2147483647;
			files = (
				3E001EFDC8DA6DDBEFD734B0 /* Pods_ThoughtRecordUITests.framework in Frameworks */,
			);
			runOnlyForDeploymentPostprocessing = 0;
		};
/* End PBXFrameworksBuildPhase section */

/* Begin PBXGroup section */
		1AE1987F1D32BF4B004B8405 /* Core */ = {
			isa = PBXGroup;
			children = (
				1A65C9A71D36CE5000E7AB4E /* Form.swift */,
				1AC288311D3BEA5F00298343 /* CBTForm.swift */,
				1AC2882F1D3BEA3400298343 /* Record.swift */,
				1AC288271D3BC9A900298343 /* RecordDatabase.swift */,
				1AC288291D3BCA1200298343 /* RecordService.swift */,
			);
			path = Core;
			sourceTree = "<group>";
		};
		1AE198801D32BF4B004B8405 /* Mobile */ = {
			isa = PBXGroup;
			children = (
				1AE198911D32C05B004B8405 /* Supporting Files */,
				1AE198851D32BF4B004B8405 /* Main.storyboard */,
				1AE198881D32BF4B004B8405 /* ViewController.swift */,
				1A65C9A51D36945200E7AB4E /* Record+ORKOrderedTask.swift */,
				1AC288331D3C12E700298343 /* Response+ORKResult.swift */,
				1AC2882D1D3BCAC600298343 /* RealmRecordDatabase.swift */,
			);
			path = Mobile;
			sourceTree = "<group>";
		};
		1AE198911D32C05B004B8405 /* Supporting Files */ = {
			isa = PBXGroup;
			children = (
				1AE198921D32C128004B8405 /* AppDelegate.swift */,
				1AE198931D32C128004B8405 /* Assets.xcassets */,
			);
			name = "Supporting Files";
			sourceTree = "<group>";
		};
		1AE1989A1D32DDA4004B8405 /* CoreTests */ = {
			isa = PBXGroup;
			children = (
			);
			path = CoreTests;
			sourceTree = "<group>";
		};
		1AE1989B1D32DDAF004B8405 /* MobileTests */ = {
			isa = PBXGroup;
			children = (
			);
			path = MobileTests;
			sourceTree = "<group>";
		};
		1AE870AD1D24561700B898FB = {
			isa = PBXGroup;
			children = (
				1AE870B81D24561700B898FB /* ThoughtRecord */,
				1AE870CD1D24561700B898FB /* ThoughtRecordTests */,
				1AE870D81D24561700B898FB /* ThoughtRecordUITests */,
				1AE870B71D24561700B898FB /* Products */,
				3FE0CAE2C9D88530A8E2CED8 /* Pods */,
				BD08D997925C8572D3E217D3 /* Frameworks */,
			);
			sourceTree = "<group>";
		};
		1AE870B71D24561700B898FB /* Products */ = {
			isa = PBXGroup;
			children = (
				1AE870B61D24561700B898FB /* ThoughtRecord.app */,
				1AE870CA1D24561700B898FB /* ThoughtRecordTests.xctest */,
				1AE870D51D24561700B898FB /* ThoughtRecordUITests.xctest */,
			);
			name = Products;
			sourceTree = "<group>";
		};
		1AE870B81D24561700B898FB /* ThoughtRecord */ = {
			isa = PBXGroup;
			children = (
				1AE1988F1D32BF7D004B8405 /* Info.plist */,
				1AE1987F1D32BF4B004B8405 /* Core */,
				1AE198801D32BF4B004B8405 /* Mobile */,
			);
			path = ThoughtRecord;
			sourceTree = "<group>";
		};
		1AE870CD1D24561700B898FB /* ThoughtRecordTests */ = {
			isa = PBXGroup;
			children = (
				1AE870CE1D24561700B898FB /* ThoughtRecordTests.swift */,
				1AE1989B1D32DDAF004B8405 /* MobileTests */,
				1AE1989A1D32DDA4004B8405 /* CoreTests */,
				1AE870D01D24561700B898FB /* Info.plist */,
			);
			path = ThoughtRecordTests;
			sourceTree = "<group>";
		};
		1AE870D81D24561700B898FB /* ThoughtRecordUITests */ = {
			isa = PBXGroup;
			children = (
				1AE870D91D24561700B898FB /* ThoughtRecordUITests.swift */,
				1AE870DB1D24561700B898FB /* Info.plist */,
			);
			path = ThoughtRecordUITests;
			sourceTree = "<group>";
		};
		3FE0CAE2C9D88530A8E2CED8 /* Pods */ = {
			isa = PBXGroup;
			children = (
				297AEF694F9E4562C3D6CFF2 /* Pods-ThoughtRecord.debug.xcconfig */,
				669BBE8DBF97C97CE9C9E7CE /* Pods-ThoughtRecord.release.xcconfig */,
				B6E983664AF475958FB3649C /* Pods-ThoughtRecordTests.debug.xcconfig */,
				E42DB0CDC0B43A899FE04DE8 /* Pods-ThoughtRecordTests.release.xcconfig */,
				C5B04D86716101D126E6D8EB /* Pods-ThoughtRecordUITests.debug.xcconfig */,
				33FDF10BFD36B5B527A5883B /* Pods-ThoughtRecordUITests.release.xcconfig */,
			);
			name = Pods;
			sourceTree = "<group>";
		};
		BD08D997925C8572D3E217D3 /* Frameworks */ = {
			isa = PBXGroup;
			children = (
				005C3CF0ED2F316049FA93A3 /* Pods_ThoughtRecord.framework */,
				22E15B1095E23C5BE650ACCA /* Pods_ThoughtRecordTests.framework */,
				BA7CD114986E7AE6EAFF4BAD /* Pods_ThoughtRecordUITests.framework */,
			);
			name = Frameworks;
			sourceTree = "<group>";
		};
/* End PBXGroup section */

/* Begin PBXNativeTarget section */
		1AE870B51D24561700B898FB /* ThoughtRecord */ = {
			isa = PBXNativeTarget;
			buildConfigurationList = 1AE870DE1D24561700B898FB /* Build configuration list for PBXNativeTarget "ThoughtRecord" */;
			buildPhases = (
				4F2D239E371F72886ADD8F9B /* [CP] Check Pods Manifest.lock */,
				1AE870B21D24561700B898FB /* Sources */,
				1AE870B31D24561700B898FB /* Frameworks */,
				1AE870B41D24561700B898FB /* Resources */,
				A1A72A49C1543B50A8518D2A /* [CP] Embed Pods Frameworks */,
				56584679B0B1F99CF53585D4 /* [CP] Copy Pods Resources */,
			);
			buildRules = (
			);
			dependencies = (
			);
			name = ThoughtRecord;
			productName = ThoughtRecord;
			productReference = 1AE870B61D24561700B898FB /* ThoughtRecord.app */;
			productType = "com.apple.product-type.application";
		};
		1AE870C91D24561700B898FB /* ThoughtRecordTests */ = {
			isa = PBXNativeTarget;
			buildConfigurationList = 1AE870E11D24561700B898FB /* Build configuration list for PBXNativeTarget "ThoughtRecordTests" */;
			buildPhases = (
				C3071EA99C4A643C0E84B6FC /* [CP] Check Pods Manifest.lock */,
				1AE870C61D24561700B898FB /* Sources */,
				1AE870C71D24561700B898FB /* Frameworks */,
				1AE870C81D24561700B898FB /* Resources */,
				4C25CF0D6DEA4035B01C13E8 /* [CP] Embed Pods Frameworks */,
				154E0910C5EFEA3AA650222D /* [CP] Copy Pods Resources */,
			);
			buildRules = (
			);
			dependencies = (
				1AE870CC1D24561700B898FB /* PBXTargetDependency */,
			);
			name = ThoughtRecordTests;
			productName = ThoughtRecordTests;
			productReference = 1AE870CA1D24561700B898FB /* ThoughtRecordTests.xctest */;
			productType = "com.apple.product-type.bundle.unit-test";
		};
		1AE870D41D24561700B898FB /* ThoughtRecordUITests */ = {
			isa = PBXNativeTarget;
			buildConfigurationList = 1AE870E41D24561700B898FB /* Build configuration list for PBXNativeTarget "ThoughtRecordUITests" */;
			buildPhases = (
				085CCF6421FDC97F9990BFD6 /* [CP] Check Pods Manifest.lock */,
				1AE870D11D24561700B898FB /* Sources */,
				1AE870D21D24561700B898FB /* Frameworks */,
				1AE870D31D24561700B898FB /* Resources */,
				87CEEBA31D1A8E036FDFF1E6 /* [CP] Copy Pods Resources */,
			);
			buildRules = (
			);
			dependencies = (
				1AE870D71D24561700B898FB /* PBXTargetDependency */,
			);
			name = ThoughtRecordUITests;
			productName = ThoughtRecordUITests;
			productReference = 1AE870D51D24561700B898FB /* ThoughtRecordUITests.xctest */;
			productType = "com.apple.product-type.bundle.ui-testing";
		};
/* End PBXNativeTarget section */

/* Begin PBXProject section */
		1AE870AE1D24561700B898FB /* Project object */ = {
			isa = PBXProject;
			attributes = {
				LastSwiftUpdateCheck = 0730;
				LastUpgradeCheck = 0730;
				ORGANIZATIONNAME = Yvette;
				TargetAttributes = {
					1AE870B51D24561700B898FB = {
						CreatedOnToolsVersion = 7.3.1;
					};
					1AE870C91D24561700B898FB = {
						CreatedOnToolsVersion = 7.3.1;
						TestTargetID = 1AE870B51D24561700B898FB;
					};
					1AE870D41D24561700B898FB = {
						CreatedOnToolsVersion = 7.3.1;
						TestTargetID = 1AE870B51D24561700B898FB;
					};
				};
			};
			buildConfigurationList = 1AE870B11D24561700B898FB /* Build configuration list for PBXProject "ThoughtRecord" */;
			compatibilityVersion = "Xcode 3.2";
			developmentRegion = English;
			hasScannedForEncodings = 0;
			knownRegions = (
				en,
				Base,
			);
			mainGroup = 1AE870AD1D24561700B898FB;
			productRefGroup = 1AE870B71D24561700B898FB /* Products */;
			projectDirPath = "";
			projectRoot = "";
			targets = (
				1AE870B51D24561700B898FB /* ThoughtRecord */,
				1AE870C91D24561700B898FB /* ThoughtRecordTests */,
				1AE870D41D24561700B898FB /* ThoughtRecordUITests */,
			);
		};
/* End PBXProject section */

/* Begin PBXResourcesBuildPhase section */
		1AE870B41D24561700B898FB /* Resources */ = {
			isa = PBXResourcesBuildPhase;
			buildActionMask = 2147483647;
			files = (
				1AE198901D32BF7D004B8405 /* Info.plist in Resources */,
				1AE198951D32C128004B8405 /* Assets.xcassets in Resources */,
				1AE1988C1D32BF4B004B8405 /* Main.storyboard in Resources */,
			);
			runOnlyForDeploymentPostprocessing = 0;
		};
		1AE870C81D24561700B898FB /* Resources */ = {
			isa = PBXResourcesBuildPhase;
			buildActionMask = 2147483647;
			files = (
			);
			runOnlyForDeploymentPostprocessing = 0;
		};
		1AE870D31D24561700B898FB /* Resources */ = {
			isa = PBXResourcesBuildPhase;
			buildActionMask = 2147483647;
			files = (
			);
			runOnlyForDeploymentPostprocessing = 0;
		};
/* End PBXResourcesBuildPhase section */

/* Begin PBXShellScriptBuildPhase section */
		085CCF6421FDC97F9990BFD6 /* [CP] Check Pods Manifest.lock */ = {
			isa = PBXShellScriptBuildPhase;
			buildActionMask = 2147483647;
			files = (
			);
			inputPaths = (
			);
			name = "[CP] Check Pods Manifest.lock";
			outputPaths = (
			);
			runOnlyForDeploymentPostprocessing = 0;
			shellPath = /bin/sh;
			shellScript = "diff \"${PODS_ROOT}/../Podfile.lock\" \"${PODS_ROOT}/Manifest.lock\" > /dev/null\nif [[ $? != 0 ]] ; then\n    cat << EOM\nerror: The sandbox is not in sync with the Podfile.lock. Run 'pod install' or update your CocoaPods installation.\nEOM\n    exit 1\nfi\n";
			showEnvVarsInLog = 0;
		};
		154E0910C5EFEA3AA650222D /* [CP] Copy Pods Resources */ = {
			isa = PBXShellScriptBuildPhase;
			buildActionMask = 2147483647;
			files = (
			);
			inputPaths = (
			);
			name = "[CP] Copy Pods Resources";
			outputPaths = (
			);
			runOnlyForDeploymentPostprocessing = 0;
			shellPath = /bin/sh;
			shellScript = "\"${SRCROOT}/Pods/Target Support Files/Pods-ThoughtRecordTests/Pods-ThoughtRecordTests-resources.sh\"\n";
			showEnvVarsInLog = 0;
		};
		4C25CF0D6DEA4035B01C13E8 /* [CP] Embed Pods Frameworks */ = {
			isa = PBXShellScriptBuildPhase;
			buildActionMask = 2147483647;
			files = (
			);
			inputPaths = (
			);
			name = "[CP] Embed Pods Frameworks";
			outputPaths = (
			);
			runOnlyForDeploymentPostprocessing = 0;
			shellPath = /bin/sh;
			shellScript = "\"${SRCROOT}/Pods/Target Support Files/Pods-ThoughtRecordTests/Pods-ThoughtRecordTests-frameworks.sh\"\n";
			showEnvVarsInLog = 0;
		};
		4F2D239E371F72886ADD8F9B /* [CP] Check Pods Manifest.lock */ = {
			isa = PBXShellScriptBuildPhase;
			buildActionMask = 2147483647;
			files = (
			);
			inputPaths = (
			);
			name = "[CP] Check Pods Manifest.lock";
			outputPaths = (
			);
			runOnlyForDeploymentPostprocessing = 0;
			shellPath = /bin/sh;
			shellScript = "diff \"${PODS_ROOT}/../Podfile.lock\" \"${PODS_ROOT}/Manifest.lock\" > /dev/null\nif [[ $? != 0 ]] ; then\n    cat << EOM\nerror: The sandbox is not in sync with the Podfile.lock. Run 'pod install' or update your CocoaPods installation.\nEOM\n    exit 1\nfi\n";
			showEnvVarsInLog = 0;
		};
		56584679B0B1F99CF53585D4 /* [CP] Copy Pods Resources */ = {
			isa = PBXShellScriptBuildPhase;
			buildActionMask = 2147483647;
			files = (
			);
			inputPaths = (
			);
			name = "[CP] Copy Pods Resources";
			outputPaths = (
			);
			runOnlyForDeploymentPostprocessing = 0;
			shellPath = /bin/sh;
			shellScript = "\"${SRCROOT}/Pods/Target Support Files/Pods-ThoughtRecord/Pods-ThoughtRecord-resources.sh\"\n";
			showEnvVarsInLog = 0;
		};
		87CEEBA31D1A8E036FDFF1E6 /* [CP] Copy Pods Resources */ = {
			isa = PBXShellScriptBuildPhase;
			buildActionMask = 2147483647;
			files = (
			);
			inputPaths = (
			);
			name = "[CP] Copy Pods Resources";
			outputPaths = (
			);
			runOnlyForDeploymentPostprocessing = 0;
			shellPath = /bin/sh;
			shellScript = "\"${SRCROOT}/Pods/Target Support Files/Pods-ThoughtRecordUITests/Pods-ThoughtRecordUITests-resources.sh\"\n";
			showEnvVarsInLog = 0;
		};
		A1A72A49C1543B50A8518D2A /* [CP] Embed Pods Frameworks */ = {
			isa = PBXShellScriptBuildPhase;
			buildActionMask = 2147483647;
			files = (
			);
			inputPaths = (
			);
			name = "[CP] Embed Pods Frameworks";
			outputPaths = (
			);
			runOnlyForDeploymentPostprocessing = 0;
			shellPath = /bin/sh;
			shellScript = "\"${SRCROOT}/Pods/Target Support Files/Pods-ThoughtRecord/Pods-ThoughtRecord-frameworks.sh\"\n";
			showEnvVarsInLog = 0;
		};
		C3071EA99C4A643C0E84B6FC /* [CP] Check Pods Manifest.lock */ = {
			isa = PBXShellScriptBuildPhase;
			buildActionMask = 2147483647;
			files = (
			);
			inputPaths = (
			);
			name = "[CP] Check Pods Manifest.lock";
			outputPaths = (
			);
			runOnlyForDeploymentPostprocessing = 0;
			shellPath = /bin/sh;
			shellScript = "diff \"${PODS_ROOT}/../Podfile.lock\" \"${PODS_ROOT}/Manifest.lock\" > /dev/null\nif [[ $? != 0 ]] ; then\n    cat << EOM\nerror: The sandbox is not in sync with the Podfile.lock. Run 'pod install' or update your CocoaPods installation.\nEOM\n    exit 1\nfi\n";
			showEnvVarsInLog = 0;
		};
/* End PBXShellScriptBuildPhase section */

/* Begin PBXSourcesBuildPhase section */
		1AE870B21D24561700B898FB /* Sources */ = {
			isa = PBXSourcesBuildPhase;
			buildActionMask = 2147483647;
			files = (
				1AC2882E1D3BCAC600298343 /* RealmRecordDatabase.swift in Sources */,
				1AC288321D3BEA5F00298343 /* CBTForm.swift in Sources */,
				1AE198941D32C128004B8405 /* AppDelegate.swift in Sources */,
				1AC288301D3BEA3400298343 /* Record.swift in Sources */,
				1AC288341D3C12E700298343 /* Response+ORKResult.swift in Sources */,
				1A65C9A61D36945200E7AB4E /* Record+ORKOrderedTask.swift in Sources */,
				1AC288281D3BC9A900298343 /* RecordDatabase.swift in Sources */,
				1A65C9A81D36CE5000E7AB4E /* Form.swift in Sources */,
				1AC2882A1D3BCA1200298343 /* RecordService.swift in Sources */,
				1AE1988E1D32BF4B004B8405 /* ViewController.swift in Sources */,
			);
			runOnlyForDeploymentPostprocessing = 0;
		};
		1AE870C61D24561700B898FB /* Sources */ = {
			isa = PBXSourcesBuildPhase;
			buildActionMask = 2147483647;
			files = (
				1AE870CF1D24561700B898FB /* ThoughtRecordTests.swift in Sources */,
			);
			runOnlyForDeploymentPostprocessing = 0;
		};
		1AE870D11D24561700B898FB /* Sources */ = {
			isa = PBXSourcesBuildPhase;
			buildActionMask = 2147483647;
			files = (
				1AE870DA1D24561700B898FB /* ThoughtRecordUITests.swift in Sources */,
			);
			runOnlyForDeploymentPostprocessing = 0;
		};
/* End PBXSourcesBuildPhase section */

/* Begin PBXTargetDependency section */
		1AE870CC1D24561700B898FB /* PBXTargetDependency */ = {
			isa = PBXTargetDependency;
			target = 1AE870B51D24561700B898FB /* ThoughtRecord */;
			targetProxy = 1AE870CB1D24561700B898FB /* PBXContainerItemProxy */;
		};
		1AE870D71D24561700B898FB /* PBXTargetDependency */ = {
			isa = PBXTargetDependency;
			target = 1AE870B51D24561700B898FB /* ThoughtRecord */;
			targetProxy = 1AE870D61D24561700B898FB /* PBXContainerItemProxy */;
		};
/* End PBXTargetDependency section */

/* Begin PBXVariantGroup section */
		1AE198851D32BF4B004B8405 /* Main.storyboard */ = {
			isa = PBXVariantGroup;
			children = (
				1AE198861D32BF4B004B8405 /* Base */,
			);
			name = Main.storyboard;
			sourceTree = "<group>";
		};
/* End PBXVariantGroup section */

/* Begin XCBuildConfiguration section */
		1AE870DC1D24561700B898FB /* Debug */ = {
			isa = XCBuildConfiguration;
			buildSettings = {
				ALWAYS_SEARCH_USER_PATHS = NO;
				CLANG_ANALYZER_NONNULL = YES;
				CLANG_CXX_LANGUAGE_STANDARD = "gnu++0x";
				CLANG_CXX_LIBRARY = "libc++";
				CLANG_ENABLE_MODULES = YES;
				CLANG_ENABLE_OBJC_ARC = YES;
				CLANG_WARN_BOOL_CONVERSION = YES;
				CLANG_WARN_CONSTANT_CONVERSION = YES;
				CLANG_WARN_DIRECT_OBJC_ISA_USAGE = YES_ERROR;
				CLANG_WARN_EMPTY_BODY = YES;
				CLANG_WARN_ENUM_CONVERSION = YES;
				CLANG_WARN_INT_CONVERSION = YES;
				CLANG_WARN_OBJC_ROOT_CLASS = YES_ERROR;
				CLANG_WARN_UNREACHABLE_CODE = YES;
				CLANG_WARN__DUPLICATE_METHOD_MATCH = YES;
				"CODE_SIGN_IDENTITY[sdk=iphoneos*]" = "iPhone Developer";
				COPY_PHASE_STRIP = NO;
				DEBUG_INFORMATION_FORMAT = dwarf;
				ENABLE_STRICT_OBJC_MSGSEND = YES;
				ENABLE_TESTABILITY = YES;
				GCC_C_LANGUAGE_STANDARD = gnu99;
				GCC_DYNAMIC_NO_PIC = NO;
				GCC_NO_COMMON_BLOCKS = YES;
				GCC_OPTIMIZATION_LEVEL = 0;
				GCC_PREPROCESSOR_DEFINITIONS = (
					"DEBUG=1",
					"$(inherited)",
				);
				GCC_WARN_64_TO_32_BIT_CONVERSION = YES;
				GCC_WARN_ABOUT_RETURN_TYPE = YES_ERROR;
				GCC_WARN_UNDECLARED_SELECTOR = YES;
				GCC_WARN_UNINITIALIZED_AUTOS = YES_AGGRESSIVE;
				GCC_WARN_UNUSED_FUNCTION = YES;
				GCC_WARN_UNUSED_VARIABLE = YES;
				IPHONEOS_DEPLOYMENT_TARGET = 9.3;
				MTL_ENABLE_DEBUG_INFO = YES;
				ONLY_ACTIVE_ARCH = YES;
				SDKROOT = iphoneos;
				SWIFT_OPTIMIZATION_LEVEL = "-Onone";
				TARGETED_DEVICE_FAMILY = "1,2";
			};
			name = Debug;
		};
		1AE870DD1D24561700B898FB /* Release */ = {
			isa = XCBuildConfiguration;
			buildSettings = {
				ALWAYS_SEARCH_USER_PATHS = NO;
				CLANG_ANALYZER_NONNULL = YES;
				CLANG_CXX_LANGUAGE_STANDARD = "gnu++0x";
				CLANG_CXX_LIBRARY = "libc++";
				CLANG_ENABLE_MODULES = YES;
				CLANG_ENABLE_OBJC_ARC = YES;
				CLANG_WARN_BOOL_CONVERSION = YES;
				CLANG_WARN_CONSTANT_CONVERSION = YES;
				CLANG_WARN_DIRECT_OBJC_ISA_USAGE = YES_ERROR;
				CLANG_WARN_EMPTY_BODY = YES;
				CLANG_WARN_ENUM_CONVERSION = YES;
				CLANG_WARN_INT_CONVERSION = YES;
				CLANG_WARN_OBJC_ROOT_CLASS = YES_ERROR;
				CLANG_WARN_UNREACHABLE_CODE = YES;
				CLANG_WARN__DUPLICATE_METHOD_MATCH = YES;
				"CODE_SIGN_IDENTITY[sdk=iphoneos*]" = "iPhone Developer";
				COPY_PHASE_STRIP = NO;
				DEBUG_INFORMATION_FORMAT = "dwarf-with-dsym";
				ENABLE_NS_ASSERTIONS = NO;
				ENABLE_STRICT_OBJC_MSGSEND = YES;
				GCC_C_LANGUAGE_STANDARD = gnu99;
				GCC_NO_COMMON_BLOCKS = YES;
				GCC_WARN_64_TO_32_BIT_CONVERSION = YES;
				GCC_WARN_ABOUT_RETURN_TYPE = YES_ERROR;
				GCC_WARN_UNDECLARED_SELECTOR = YES;
				GCC_WARN_UNINITIALIZED_AUTOS = YES_AGGRESSIVE;
				GCC_WARN_UNUSED_FUNCTION = YES;
				GCC_WARN_UNUSED_VARIABLE = YES;
				IPHONEOS_DEPLOYMENT_TARGET = 9.3;
				MTL_ENABLE_DEBUG_INFO = NO;
				SDKROOT = iphoneos;
				TARGETED_DEVICE_FAMILY = "1,2";
				VALIDATE_PRODUCT = YES;
			};
			name = Release;
		};
		1AE870DF1D24561700B898FB /* Debug */ = {
			isa = XCBuildConfiguration;
			baseConfigurationReference = 297AEF694F9E4562C3D6CFF2 /* Pods-ThoughtRecord.debug.xcconfig */;
			buildSettings = {
				ASSETCATALOG_COMPILER_APPICON_NAME = AppIcon;
				INFOPLIST_FILE = ThoughtRecord/Info.plist;
				LD_RUNPATH_SEARCH_PATHS = "$(inherited) @executable_path/Frameworks";
				PRODUCT_BUNDLE_IDENTIFIER = com.yvette.ThoughtRecord;
				PRODUCT_NAME = "$(TARGET_NAME)";
			};
			name = Debug;
		};
		1AE870E01D24561700B898FB /* Release */ = {
			isa = XCBuildConfiguration;
			baseConfigurationReference = 669BBE8DBF97C97CE9C9E7CE /* Pods-ThoughtRecord.release.xcconfig */;
			buildSettings = {
				ASSETCATALOG_COMPILER_APPICON_NAME = AppIcon;
				INFOPLIST_FILE = ThoughtRecord/Info.plist;
				LD_RUNPATH_SEARCH_PATHS = "$(inherited) @executable_path/Frameworks";
				PRODUCT_BUNDLE_IDENTIFIER = com.yvette.ThoughtRecord;
				PRODUCT_NAME = "$(TARGET_NAME)";
			};
			name = Release;
		};
		1AE870E21D24561700B898FB /* Debug */ = {
			isa = XCBuildConfiguration;
			baseConfigurationReference = B6E983664AF475958FB3649C /* Pods-ThoughtRecordTests.debug.xcconfig */;
			buildSettings = {
				BUNDLE_LOADER = "$(TEST_HOST)";
				INFOPLIST_FILE = ThoughtRecordTests/Info.plist;
				LD_RUNPATH_SEARCH_PATHS = "$(inherited) @executable_path/Frameworks @loader_path/Frameworks";
				PRODUCT_BUNDLE_IDENTIFIER = com.yvette.ThoughtRecordTests;
				PRODUCT_NAME = "$(TARGET_NAME)";
				TEST_HOST = "$(BUILT_PRODUCTS_DIR)/ThoughtRecord.app/ThoughtRecord";
			};
			name = Debug;
		};
		1AE870E31D24561700B898FB /* Release */ = {
			isa = XCBuildConfiguration;
			baseConfigurationReference = E42DB0CDC0B43A899FE04DE8 /* Pods-ThoughtRecordTests.release.xcconfig */;
			buildSettings = {
				BUNDLE_LOADER = "$(TEST_HOST)";
				INFOPLIST_FILE = ThoughtRecordTests/Info.plist;
				LD_RUNPATH_SEARCH_PATHS = "$(inherited) @executable_path/Frameworks @loader_path/Frameworks";
				PRODUCT_BUNDLE_IDENTIFIER = com.yvette.ThoughtRecordTests;
				PRODUCT_NAME = "$(TARGET_NAME)";
				TEST_HOST = "$(BUILT_PRODUCTS_DIR)/ThoughtRecord.app/ThoughtRecord";
			};
			name = Release;
		};
		1AE870E51D24561700B898FB /* Debug */ = {
			isa = XCBuildConfiguration;
			baseConfigurationReference = C5B04D86716101D126E6D8EB /* Pods-ThoughtRecordUITests.debug.xcconfig */;
			buildSettings = {
				INFOPLIST_FILE = ThoughtRecordUITests/Info.plist;
				LD_RUNPATH_SEARCH_PATHS = "$(inherited) @executable_path/Frameworks @loader_path/Frameworks";
				PRODUCT_BUNDLE_IDENTIFIER = com.yvette.ThoughtRecordUITests;
				PRODUCT_NAME = "$(TARGET_NAME)";
				TEST_TARGET_NAME = ThoughtRecord;
			};
			name = Debug;
		};
		1AE870E61D24561700B898FB /* Release */ = {
			isa = XCBuildConfiguration;
			baseConfigurationReference = 33FDF10BFD36B5B527A5883B /* Pods-ThoughtRecordUITests.release.xcconfig */;
			buildSettings = {
				INFOPLIST_FILE = ThoughtRecordUITests/Info.plist;
				LD_RUNPATH_SEARCH_PATHS = "$(inherited) @executable_path/Frameworks @loader_path/Frameworks";
				PRODUCT_BUNDLE_IDENTIFIER = com.yvette.ThoughtRecordUITests;
				PRODUCT_NAME = "$(TARGET_NAME)";
				TEST_TARGET_NAME = ThoughtRecord;
			};
			name = Release;
		};
/* End XCBuildConfiguration section */

/* Begin XCConfigurationList section */
		1AE870B11D24561700B898FB /* Build configuration list for PBXProject "ThoughtRecord" */ = {
			isa = XCConfigurationList;
			buildConfigurations = (
				1AE870DC1D24561700B898FB /* Debug */,
				1AE870DD1D24561700B898FB /* Release */,
			);
			defaultConfigurationIsVisible = 0;
			defaultConfigurationName = Release;
		};
		1AE870DE1D24561700B898FB /* Build configuration list for PBXNativeTarget "ThoughtRecord" */ = {
			isa = XCConfigurationList;
			buildConfigurations = (
				1AE870DF1D24561700B898FB /* Debug */,
				1AE870E01D24561700B898FB /* Release */,
			);
			defaultConfigurationIsVisible = 0;
			defaultConfigurationName = Release;
		};
		1AE870E11D24561700B898FB /* Build configuration list for PBXNativeTarget "ThoughtRecordTests" */ = {
			isa = XCConfigurationList;
			buildConfigurations = (
				1AE870E21D24561700B898FB /* Debug */,
				1AE870E31D24561700B898FB /* Release */,
			);
			defaultConfigurationIsVisible = 0;
			defaultConfigurationName = Release;
		};
		1AE870E41D24561700B898FB /* Build configuration list for PBXNativeTarget "ThoughtRecordUITests" */ = {
			isa = XCConfigurationList;
			buildConfigurations = (
				1AE870E51D24561700B898FB /* Debug */,
				1AE870E61D24561700B898FB /* Release */,
			);
			defaultConfigurationIsVisible = 0;
			defaultConfigurationName = Release;
		};
/* End XCConfigurationList section */
	};
	rootObject = 1AE870AE1D24561700B898FB /* Project object */;
}
